// !$*UTF8*$!
{
	archiveVersion = 1;
	classes = {
	};
	objectVersion = 56;
	objects = {

/* Begin PBXBuildFile section */
		5B2113142AAB85970074A276 /* AuthViewModel.swift in Sources */ = {isa = PBXBuildFile; fileRef = 5B2113132AAB85970074A276 /* AuthViewModel.swift */; };
		5B2113162AAB85C10074A276 /* AuthView.swift in Sources */ = {isa = PBXBuildFile; fileRef = 5B2113152AAB85C10074A276 /* AuthView.swift */; };
		5B2113192AAB86740074A276 /* KeychainAccess in Frameworks */ = {isa = PBXBuildFile; productRef = 5B2113182AAB86740074A276 /* KeychainAccess */; };
		5B21131C2AAB87230074A276 /* AuthenticationService.swift in Sources */ = {isa = PBXBuildFile; fileRef = 5B21131B2AAB87230074A276 /* AuthenticationService.swift */; };
		5B21131E2AAB879F0074A276 /* PathConfiguration.json in Resources */ = {isa = PBXBuildFile; fileRef = 5B21131D2AAB879F0074A276 /* PathConfiguration.json */; };
		5B4CB3622AAB6A9D0084EA62 /* AppDelegate.swift in Sources */ = {isa = PBXBuildFile; fileRef = 5B4CB3612AAB6A9D0084EA62 /* AppDelegate.swift */; };
		5B4CB3642AAB6A9D0084EA62 /* SceneDelegate.swift in Sources */ = {isa = PBXBuildFile; fileRef = 5B4CB3632AAB6A9D0084EA62 /* SceneDelegate.swift */; };
		5B4CB36B2AAB6A9D0084EA62 /* Assets.xcassets in Resources */ = {isa = PBXBuildFile; fileRef = 5B4CB36A2AAB6A9D0084EA62 /* Assets.xcassets */; };
		5B4CB36E2AAB6A9D0084EA62 /* LaunchScreen.storyboard in Resources */ = {isa = PBXBuildFile; fileRef = 5B4CB36C2AAB6A9D0084EA62 /* LaunchScreen.storyboard */; };
		5B4CB37A2AAB6C7D0084EA62 /* Turbo in Frameworks */ = {isa = PBXBuildFile; productRef = 5B4CB3792AAB6C7D0084EA62 /* Turbo */; };
/* End PBXBuildFile section */

/* Begin PBXFileReference section */
		5B2113132AAB85970074A276 /* AuthViewModel.swift */ = {isa = PBXFileReference; lastKnownFileType = sourcecode.swift; path = AuthViewModel.swift; sourceTree = "<group>"; };
		5B2113152AAB85C10074A276 /* AuthView.swift */ = {isa = PBXFileReference; lastKnownFileType = sourcecode.swift; path = AuthView.swift; sourceTree = "<group>"; };
		5B21131B2AAB87230074A276 /* AuthenticationService.swift */ = {isa = PBXFileReference; lastKnownFileType = sourcecode.swift; path = AuthenticationService.swift; sourceTree = "<group>"; };
		5B21131D2AAB879F0074A276 /* PathConfiguration.json */ = {isa = PBXFileReference; lastKnownFileType = text.json; path = PathConfiguration.json; sourceTree = "<group>"; };
		5B4CB35E2AAB6A9D0084EA62 /* passwordless-native-auth.app */ = {isa = PBXFileReference; explicitFileType = wrapper.application; includeInIndex = 0; path = "passwordless-native-auth.app"; sourceTree = BUILT_PRODUCTS_DIR; };
		5B4CB3612AAB6A9D0084EA62 /* AppDelegate.swift */ = {isa = PBXFileReference; lastKnownFileType = sourcecode.swift; path = AppDelegate.swift; sourceTree = "<group>"; };
		5B4CB3632AAB6A9D0084EA62 /* SceneDelegate.swift */ = {isa = PBXFileReference; lastKnownFileType = sourcecode.swift; path = SceneDelegate.swift; sourceTree = "<group>"; };
		5B4CB36A2AAB6A9D0084EA62 /* Assets.xcassets */ = {isa = PBXFileReference; lastKnownFileType = folder.assetcatalog; path = Assets.xcassets; sourceTree = "<group>"; };
		5B4CB36D2AAB6A9D0084EA62 /* Base */ = {isa = PBXFileReference; lastKnownFileType = file.storyboard; name = Base; path = Base.lproj/LaunchScreen.storyboard; sourceTree = "<group>"; };
		5B4CB36F2AAB6A9D0084EA62 /* Info.plist */ = {isa = PBXFileReference; lastKnownFileType = text.plist.xml; path = Info.plist; sourceTree = "<group>"; };
/* End PBXFileReference section */

/* Begin PBXFrameworksBuildPhase section */
		5B4CB35B2AAB6A9D0084EA62 /* Frameworks */ = {
			isa = PBXFrameworksBuildPhase;
			buildActionMask = 2147483647;
			files = (
				5B2113192AAB86740074A276 /* KeychainAccess in Frameworks */,
				5B4CB37A2AAB6C7D0084EA62 /* Turbo in Frameworks */,
			);
			runOnlyForDeploymentPostprocessing = 0;
		};
/* End PBXFrameworksBuildPhase section */

/* Begin PBXGroup section */
		5B2113112AAB85490074A276 /* Views */ = {
			isa = PBXGroup;
			children = (
				5B2113152AAB85C10074A276 /* AuthView.swift */,
			);
			path = Views;
			sourceTree = "<group>";
		};
		5B2113122AAB85510074A276 /* ViewModels */ = {
			isa = PBXGroup;
			children = (
				5B2113132AAB85970074A276 /* AuthViewModel.swift */,
			);
			path = ViewModels;
			sourceTree = "<group>";
		};
		5B21131A2AAB870D0074A276 /* Services */ = {
			isa = PBXGroup;
			children = (
				5B21131B2AAB87230074A276 /* AuthenticationService.swift */,
			);
			path = Services;
			sourceTree = "<group>";
		};
		5B4CB3552AAB6A9D0084EA62 = {
			isa = PBXGroup;
			children = (
				5B4CB3602AAB6A9D0084EA62 /* passwordless-native-auth */,
				5B4CB35F2AAB6A9D0084EA62 /* Products */,
			);
			sourceTree = "<group>";
		};
		5B4CB35F2AAB6A9D0084EA62 /* Products */ = {
			isa = PBXGroup;
			children = (
				5B4CB35E2AAB6A9D0084EA62 /* passwordless-native-auth.app */,
			);
			name = Products;
			sourceTree = "<group>";
		};
		5B4CB3602AAB6A9D0084EA62 /* passwordless-native-auth */ = {
			isa = PBXGroup;
			children = (
				5B4CB3762AAB6BBF0084EA62 /* Assets */,
				5B4CB3772AAB6BD40084EA62 /* Configuration */,
				5B4CB3752AAB6B890084EA62 /* Delegates */,
				5B21131A2AAB870D0074A276 /* Services */,
				5B2113112AAB85490074A276 /* Views */,
				5B2113122AAB85510074A276 /* ViewModels */,
			);
			path = "passwordless-native-auth";
			sourceTree = "<group>";
		};
		5B4CB3752AAB6B890084EA62 /* Delegates */ = {
			isa = PBXGroup;
			children = (
				5B4CB3612AAB6A9D0084EA62 /* AppDelegate.swift */,
				5B4CB3632AAB6A9D0084EA62 /* SceneDelegate.swift */,
			);
			path = Delegates;
			sourceTree = "<group>";
		};
		5B4CB3762AAB6BBF0084EA62 /* Assets */ = {
			isa = PBXGroup;
			children = (
				5B4CB36A2AAB6A9D0084EA62 /* Assets.xcassets */,
				5B4CB36C2AAB6A9D0084EA62 /* LaunchScreen.storyboard */,
			);
			path = Assets;
			sourceTree = "<group>";
		};
		5B4CB3772AAB6BD40084EA62 /* Configuration */ = {
			isa = PBXGroup;
			children = (
				5B4CB36F2AAB6A9D0084EA62 /* Info.plist */,
				5B21131D2AAB879F0074A276 /* PathConfiguration.json */,
			);
			path = Configuration;
			sourceTree = "<group>";
		};
/* End PBXGroup section */

/* Begin PBXNativeTarget section */
		5B4CB35D2AAB6A9D0084EA62 /* passwordless-native-auth */ = {
			isa = PBXNativeTarget;
			buildConfigurationList = 5B4CB3722AAB6A9D0084EA62 /* Build configuration list for PBXNativeTarget "passwordless-native-auth" */;
			buildPhases = (
				5B4CB35A2AAB6A9D0084EA62 /* Sources */,
				5B4CB35B2AAB6A9D0084EA62 /* Frameworks */,
				5B4CB35C2AAB6A9D0084EA62 /* Resources */,
			);
			buildRules = (
			);
			dependencies = (
			);
			name = "passwordless-native-auth";
			packageProductDependencies = (
				5B4CB3792AAB6C7D0084EA62 /* Turbo */,
				5B2113182AAB86740074A276 /* KeychainAccess */,
			);
			productName = "passwordless-native-auth";
			productReference = 5B4CB35E2AAB6A9D0084EA62 /* passwordless-native-auth.app */;
			productType = "com.apple.product-type.application";
		};
/* End PBXNativeTarget section */

/* Begin PBXProject section */
		5B4CB3562AAB6A9D0084EA62 /* Project object */ = {
			isa = PBXProject;
			attributes = {
				BuildIndependentTargetsInParallel = 1;
				LastSwiftUpdateCheck = 1430;
				LastUpgradeCheck = 1430;
				TargetAttributes = {
					5B4CB35D2AAB6A9D0084EA62 = {
						CreatedOnToolsVersion = 14.3.1;
					};
				};
			};
			buildConfigurationList = 5B4CB3592AAB6A9D0084EA62 /* Build configuration list for PBXProject "passwordless-native-auth" */;
			compatibilityVersion = "Xcode 14.0";
			developmentRegion = en;
			hasScannedForEncodings = 0;
			knownRegions = (
				en,
				Base,
			);
			mainGroup = 5B4CB3552AAB6A9D0084EA62;
			packageReferences = (
				5B4CB3782AAB6C7D0084EA62 /* XCRemoteSwiftPackageReference "turbo-ios" */,
				5B2113172AAB86740074A276 /* XCRemoteSwiftPackageReference "KeychainAccess" */,
			);
			productRefGroup = 5B4CB35F2AAB6A9D0084EA62 /* Products */;
			projectDirPath = "";
			projectRoot = "";
			targets = (
				5B4CB35D2AAB6A9D0084EA62 /* passwordless-native-auth */,
			);
		};
/* End PBXProject section */

/* Begin PBXResourcesBuildPhase section */
		5B4CB35C2AAB6A9D0084EA62 /* Resources */ = {
			isa = PBXResourcesBuildPhase;
			buildActionMask = 2147483647;
			files = (
				5B4CB36E2AAB6A9D0084EA62 /* LaunchScreen.storyboard in Resources */,
				5B21131E2AAB879F0074A276 /* PathConfiguration.json in Resources */,
				5B4CB36B2AAB6A9D0084EA62 /* Assets.xcassets in Resources */,
			);
			runOnlyForDeploymentPostprocessing = 0;
		};
/* End PBXResourcesBuildPhase section */

/* Begin PBXSourcesBuildPhase section */
		5B4CB35A2AAB6A9D0084EA62 /* Sources */ = {
			isa = PBXSourcesBuildPhase;
			buildActionMask = 2147483647;
			files = (
				5B4CB3622AAB6A9D0084EA62 /* AppDelegate.swift in Sources */,
				5B4CB3642AAB6A9D0084EA62 /* SceneDelegate.swift in Sources */,
				5B2113162AAB85C10074A276 /* AuthView.swift in Sources */,
				5B2113142AAB85970074A276 /* AuthViewModel.swift in Sources */,
				5B21131C2AAB87230074A276 /* AuthenticationService.swift in Sources */,
			);
			runOnlyForDeploymentPostprocessing = 0;
		};
/* End PBXSourcesBuildPhase section */

/* Begin PBXVariantGroup section */
		5B4CB36C2AAB6A9D0084EA62 /* LaunchScreen.storyboard */ = {
			isa = PBXVariantGroup;
			children = (
				5B4CB36D2AAB6A9D0084EA62 /* Base */,
			);
			name = LaunchScreen.storyboard;
			sourceTree = "<group>";
		};
/* End PBXVariantGroup section */

/* Begin XCBuildConfiguration section */
		5B4CB3702AAB6A9D0084EA62 /* Debug */ = {
			isa = XCBuildConfiguration;
			buildSettings = {
				ALWAYS_SEARCH_USER_PATHS = NO;
				CLANG_ANALYZER_NONNULL = YES;
				CLANG_ANALYZER_NUMBER_OBJECT_CONVERSION = YES_AGGRESSIVE;
				CLANG_CXX_LANGUAGE_STANDARD = "gnu++20";
				CLANG_ENABLE_MODULES = YES;
				CLANG_ENABLE_OBJC_ARC = YES;
				CLANG_ENABLE_OBJC_WEAK = YES;
				CLANG_WARN_BLOCK_CAPTURE_AUTORELEASING = YES;
				CLANG_WARN_BOOL_CONVERSION = YES;
				CLANG_WARN_COMMA = YES;
				CLANG_WARN_CONSTANT_CONVERSION = YES;
				CLANG_WARN_DEPRECATED_OBJC_IMPLEMENTATIONS = YES;
				CLANG_WARN_DIRECT_OBJC_ISA_USAGE = YES_ERROR;
				CLANG_WARN_DOCUMENTATION_COMMENTS = YES;
				CLANG_WARN_EMPTY_BODY = YES;
				CLANG_WARN_ENUM_CONVERSION = YES;
				CLANG_WARN_INFINITE_RECURSION = YES;
				CLANG_WARN_INT_CONVERSION = YES;
				CLANG_WARN_NON_LITERAL_NULL_CONVERSION = YES;
				CLANG_WARN_OBJC_IMPLICIT_RETAIN_SELF = YES;
				CLANG_WARN_OBJC_LITERAL_CONVERSION = YES;
				CLANG_WARN_OBJC_ROOT_CLASS = YES_ERROR;
				CLANG_WARN_QUOTED_INCLUDE_IN_FRAMEWORK_HEADER = YES;
				CLANG_WARN_RANGE_LOOP_ANALYSIS = YES;
				CLANG_WARN_STRICT_PROTOTYPES = YES;
				CLANG_WARN_SUSPICIOUS_MOVE = YES;
				CLANG_WARN_UNGUARDED_AVAILABILITY = YES_AGGRESSIVE;
				CLANG_WARN_UNREACHABLE_CODE = YES;
				CLANG_WARN__DUPLICATE_METHOD_MATCH = YES;
				COPY_PHASE_STRIP = NO;
				DEBUG_INFORMATION_FORMAT = dwarf;
				ENABLE_STRICT_OBJC_MSGSEND = YES;
				ENABLE_TESTABILITY = YES;
				GCC_C_LANGUAGE_STANDARD = gnu11;
				GCC_DYNAMIC_NO_PIC = NO;
				GCC_NO_COMMON_BLOCKS = YES;
				GCC_OPTIMIZATION_LEVEL = 0;
				GCC_PREPROCESSOR_DEFINITIONS = (
					"DEBUG=1",
					"$(inherited)",
				);
				GCC_WARN_64_TO_32_BIT_CONVERSION = YES;
				GCC_WARN_ABOUT_RETURN_TYPE = YES_ERROR;
				GCC_WARN_UNDECLARED_SELECTOR = YES;
				GCC_WARN_UNINITIALIZED_AUTOS = YES_AGGRESSIVE;
				GCC_WARN_UNUSED_FUNCTION = YES;
				GCC_WARN_UNUSED_VARIABLE = YES;
				IPHONEOS_DEPLOYMENT_TARGET = 16.4;
				MTL_ENABLE_DEBUG_INFO = INCLUDE_SOURCE;
				MTL_FAST_MATH = YES;
				ONLY_ACTIVE_ARCH = YES;
				SDKROOT = iphoneos;
				SWIFT_ACTIVE_COMPILATION_CONDITIONS = DEBUG;
				SWIFT_OPTIMIZATION_LEVEL = "-Onone";
			};
			name = Debug;
		};
		5B4CB3712AAB6A9D0084EA62 /* Release */ = {
			isa = XCBuildConfiguration;
			buildSettings = {
				ALWAYS_SEARCH_USER_PATHS = NO;
				CLANG_ANALYZER_NONNULL = YES;
				CLANG_ANALYZER_NUMBER_OBJECT_CONVERSION = YES_AGGRESSIVE;
				CLANG_CXX_LANGUAGE_STANDARD = "gnu++20";
				CLANG_ENABLE_MODULES = YES;
				CLANG_ENABLE_OBJC_ARC = YES;
				CLANG_ENABLE_OBJC_WEAK = YES;
				CLANG_WARN_BLOCK_CAPTURE_AUTORELEASING = YES;
				CLANG_WARN_BOOL_CONVERSION = YES;
				CLANG_WARN_COMMA = YES;
				CLANG_WARN_CONSTANT_CONVERSION = YES;
				CLANG_WARN_DEPRECATED_OBJC_IMPLEMENTATIONS = YES;
				CLANG_WARN_DIRECT_OBJC_ISA_USAGE = YES_ERROR;
				CLANG_WARN_DOCUMENTATION_COMMENTS = YES;
				CLANG_WARN_EMPTY_BODY = YES;
				CLANG_WARN_ENUM_CONVERSION = YES;
				CLANG_WARN_INFINITE_RECURSION = YES;
				CLANG_WARN_INT_CONVERSION = YES;
				CLANG_WARN_NON_LITERAL_NULL_CONVERSION = YES;
				CLANG_WARN_OBJC_IMPLICIT_RETAIN_SELF = YES;
				CLANG_WARN_OBJC_LITERAL_CONVERSION = YES;
				CLANG_WARN_OBJC_ROOT_CLASS = YES_ERROR;
				CLANG_WARN_QUOTED_INCLUDE_IN_FRAMEWORK_HEADER = YES;
				CLANG_WARN_RANGE_LOOP_ANALYSIS = YES;
				CLANG_WARN_STRICT_PROTOTYPES = YES;
				CLANG_WARN_SUSPICIOUS_MOVE = YES;
				CLANG_WARN_UNGUARDED_AVAILABILITY = YES_AGGRESSIVE;
				CLANG_WARN_UNREACHABLE_CODE = YES;
				CLANG_WARN__DUPLICATE_METHOD_MATCH = YES;
				COPY_PHASE_STRIP = NO;
				DEBUG_INFORMATION_FORMAT = "dwarf-with-dsym";
				ENABLE_NS_ASSERTIONS = NO;
				ENABLE_STRICT_OBJC_MSGSEND = YES;
				GCC_C_LANGUAGE_STANDARD = gnu11;
				GCC_NO_COMMON_BLOCKS = YES;
				GCC_WARN_64_TO_32_BIT_CONVERSION = YES;
				GCC_WARN_ABOUT_RETURN_TYPE = YES_ERROR;
				GCC_WARN_UNDECLARED_SELECTOR = YES;
				GCC_WARN_UNINITIALIZED_AUTOS = YES_AGGRESSIVE;
				GCC_WARN_UNUSED_FUNCTION = YES;
				GCC_WARN_UNUSED_VARIABLE = YES;
				IPHONEOS_DEPLOYMENT_TARGET = 16.4;
				MTL_ENABLE_DEBUG_INFO = NO;
				MTL_FAST_MATH = YES;
				SDKROOT = iphoneos;
				SWIFT_COMPILATION_MODE = wholemodule;
				SWIFT_OPTIMIZATION_LEVEL = "-O";
				VALIDATE_PRODUCT = YES;
			};
			name = Release;
		};
		5B4CB3732AAB6A9D0084EA62 /* Debug */ = {
			isa = XCBuildConfiguration;
			buildSettings = {
				ASSETCATALOG_COMPILER_APPICON_NAME = AppIcon;
				ASSETCATALOG_COMPILER_GLOBAL_ACCENT_COLOR_NAME = AccentColor;
				CODE_SIGN_STYLE = Automatic;
				CURRENT_PROJECT_VERSION = 1;
				GENERATE_INFOPLIST_FILE = YES;
				INFOPLIST_FILE = "passwordless-native-auth/Configuration/Info.plist";
				INFOPLIST_KEY_UIApplicationSupportsIndirectInputEvents = YES;
				INFOPLIST_KEY_UILaunchStoryboardName = LaunchScreen;
				INFOPLIST_KEY_UISupportedInterfaceOrientations_iPad = "UIInterfaceOrientationPortrait UIInterfaceOrientationPortraitUpsideDown UIInterfaceOrientationLandscapeLeft UIInterfaceOrientationLandscapeRight";
				INFOPLIST_KEY_UISupportedInterfaceOrientations_iPhone = "UIInterfaceOrientationPortrait UIInterfaceOrientationLandscapeLeft UIInterfaceOrientationLandscapeRight";
				LD_RUNPATH_SEARCH_PATHS = (
					"$(inherited)",
					"@executable_path/Frameworks",
				);
				MARKETING_VERSION = 1.0;
				PRODUCT_BUNDLE_IDENTIFIER = "com.example.passwordless-native-auth";
				PRODUCT_NAME = "$(TARGET_NAME)";
				SWIFT_EMIT_LOC_STRINGS = YES;
				SWIFT_VERSION = 5.0;
				TARGETED_DEVICE_FAMILY = "1,2";
			};
			name = Debug;
		};
		5B4CB3742AAB6A9D0084EA62 /* Release */ = {
			isa = XCBuildConfiguration;
			buildSettings = {
				ASSETCATALOG_COMPILER_APPICON_NAME = AppIcon;
				ASSETCATALOG_COMPILER_GLOBAL_ACCENT_COLOR_NAME = AccentColor;
				CODE_SIGN_STYLE = Automatic;
				CURRENT_PROJECT_VERSION = 1;
				GENERATE_INFOPLIST_FILE = YES;
				INFOPLIST_FILE = "passwordless-native-auth/Configuration/Info.plist";
				INFOPLIST_KEY_UIApplicationSupportsIndirectInputEvents = YES;
				INFOPLIST_KEY_UILaunchStoryboardName = LaunchScreen;
				INFOPLIST_KEY_UISupportedInterfaceOrientations_iPad = "UIInterfaceOrientationPortrait UIInterfaceOrientationPortraitUpsideDown UIInterfaceOrientationLandscapeLeft UIInterfaceOrientationLandscapeRight";
				INFOPLIST_KEY_UISupportedInterfaceOrientations_iPhone = "UIInterfaceOrientationPortrait UIInterfaceOrientationLandscapeLeft UIInterfaceOrientationLandscapeRight";
				LD_RUNPATH_SEARCH_PATHS = (
					"$(inherited)",
					"@executable_path/Frameworks",
				);
				MARKETING_VERSION = 1.0;
				PRODUCT_BUNDLE_IDENTIFIER = "com.example.passwordless-native-auth";
				PRODUCT_NAME = "$(TARGET_NAME)";
				SWIFT_EMIT_LOC_STRINGS = YES;
				SWIFT_VERSION = 5.0;
				TARGETED_DEVICE_FAMILY = "1,2";
			};
			name = Release;
		};
/* End XCBuildConfiguration section */

/* Begin XCConfigurationList section */
		5B4CB3592AAB6A9D0084EA62 /* Build configuration list for PBXProject "passwordless-native-auth" */ = {
			isa = XCConfigurationList;
			buildConfigurations = (
				5B4CB3702AAB6A9D0084EA62 /* Debug */,
				5B4CB3712AAB6A9D0084EA62 /* Release */,
			);
			defaultConfigurationIsVisible = 0;
			defaultConfigurationName = Release;
		};
		5B4CB3722AAB6A9D0084EA62 /* Build configuration list for PBXNativeTarget "passwordless-native-auth" */ = {
			isa = XCConfigurationList;
			buildConfigurations = (
				5B4CB3732AAB6A9D0084EA62 /* Debug */,
				5B4CB3742AAB6A9D0084EA62 /* Release */,
			);
			defaultConfigurationIsVisible = 0;
			defaultConfigurationName = Release;
		};
/* End XCConfigurationList section */

/* Begin XCRemoteSwiftPackageReference section */
		5B2113172AAB86740074A276 /* XCRemoteSwiftPackageReference "KeychainAccess" */ = {
			isa = XCRemoteSwiftPackageReference;
			repositoryURL = "https://github.com/kishikawakatsumi/KeychainAccess";
			requirement = {
				branch = master;
				kind = branch;
			};
		};
		5B4CB3782AAB6C7D0084EA62 /* XCRemoteSwiftPackageReference "turbo-ios" */ = {
			isa = XCRemoteSwiftPackageReference;
			repositoryURL = "https://github.com/hotwired/turbo-ios";
			requirement = {
				kind = upToNextMajorVersion;
				minimumVersion = 7.0.0;
			};
		};
/* End XCRemoteSwiftPackageReference section */

/* Begin XCSwiftPackageProductDependency section */
		5B2113182AAB86740074A276 /* KeychainAccess */ = {
			isa = XCSwiftPackageProductDependency;
			package = 5B2113172AAB86740074A276 /* XCRemoteSwiftPackageReference "KeychainAccess" */;
			productName = KeychainAccess;
		};
		5B4CB3792AAB6C7D0084EA62 /* Turbo */ = {
			isa = XCSwiftPackageProductDependency;
			package = 5B4CB3782AAB6C7D0084EA62 /* XCRemoteSwiftPackageReference "turbo-ios" */;
			productName = Turbo;
		};
/* End XCSwiftPackageProductDependency section */
	};
	rootObject = 5B4CB3562AAB6A9D0084EA62 /* Project object */;
}
